
Microsoft Visual Studio Solution File, Format Version 12.00
# Visual Studio Version 17
VisualStudioVersion = 17.6.33829.357
MinimumVisualStudioVersion = 10.0.40219.1
Project("{FAE04EC0-301F-11D3-BF4B-00C04F79EFBC}") = "ChatAppAngular", "ChatAppAngular\ChatAppAngular.csproj", "{2798477F-BCA1-424C-B9CB-3E4508DE284D}"
EndProject
Global
	GlobalSection(SolutionConfigurationPlatforms) = preSolution
		Debug|Any CPU = Debug|Any CPU
		Release|Any CPU = Release|Any CPU
	EndGlobalSection
	GlobalSection(ProjectConfigurationPlatforms) = postSolution
		{2798477F-BCA1-424C-B9CB-3E4508DE284D}.Debug|Any CPU.ActiveCfg = Debug|Any CPU
		{2798477F-BCA1-424C-B9CB-3E4508DE284D}.Debug|Any CPU.Build.0 = Debug|Any CPU
		{2798477F-BCA1-424C-B9CB-3E4508DE284D}.Release|Any CPU.ActiveCfg = Release|Any CPU
		{2798477F-BCA1-424C-B9CB-3E4508DE284D}.Release|Any CPU.Build.0 = Release|Any CPU
	EndGlobalSection
	GlobalSection(SolutionProperties) = preSolution
		HideSolutionNode = FALSE
	EndGlobalSection
	GlobalSection(ExtensibilityGlobals) = postSolution
		SolutionGuid = {D3460EC2-C3DD-42F2-A640-4A5A43B71F2A}
	EndGlobalSection
EndGlobal
